
Microsoft Visual Studio Solution File, Format Version 12.00
# Visual Studio Version 16
VisualStudioVersion = 16.0.30114.105
MinimumVisualStudioVersion = 10.0.40219.1
Project("{FAE04EC0-301F-11D3-BF4B-00C04F79EFBC}") = "resistor_Code_calculator", "resistor_Code_calculator.csproj", "{66041844-BD8F-4255-88ED-D87977D82A25}"
EndProject
Global
	GlobalSection(SolutionConfigurationPlatforms) = preSolution
		Debug|Any CPU = Debug|Any CPU
		Release|Any CPU = Release|Any CPU
	EndGlobalSection
	GlobalSection(ProjectConfigurationPlatforms) = postSolution
		{66041844-BD8F-4255-88ED-D87977D82A25}.Debug|Any CPU.ActiveCfg = Debug|Any CPU
		{66041844-BD8F-4255-88ED-D87977D82A25}.Debug|Any CPU.Build.0 = Debug|Any CPU
		{66041844-BD8F-4255-88ED-D87977D82A25}.Release|Any CPU.ActiveCfg = Release|Any CPU
		{66041844-BD8F-4255-88ED-D87977D82A25}.Release|Any CPU.Build.0 = Release|Any CPU
	EndGlobalSection
	GlobalSection(SolutionProperties) = preSolution
		HideSolutionNode = FALSE
	EndGlobalSection
	GlobalSection(ExtensibilityGlobals) = postSolution
		SolutionGuid = {BDED92B7-5304-4B07-A19D-1C7B030BC179}
	EndGlobalSection
EndGlobal
